// !$*UTF8*$!
{
	archiveVersion = 1;
	classes = {
	};
	objectVersion = 46;
	objects = {

/* Begin PBXBuildFile section */
		CF9DCC0916D70250009275F0 /* UIKit.framework in Frameworks */ = {isa = PBXBuildFile; fileRef = CF9DCC0816D70250009275F0 /* UIKit.framework */; };
		CF9DCC0B16D70250009275F0 /* Foundation.framework in Frameworks */ = {isa = PBXBuildFile; fileRef = CF9DCC0A16D70250009275F0 /* Foundation.framework */; };
		CF9DCC0D16D70250009275F0 /* CoreGraphics.framework in Frameworks */ = {isa = PBXBuildFile; fileRef = CF9DCC0C16D70250009275F0 /* CoreGraphics.framework */; };
		CF9DCC0F16D70250009275F0 /* CoreData.framework in Frameworks */ = {isa = PBXBuildFile; fileRef = CF9DCC0E16D70250009275F0 /* CoreData.framework */; };
		CF9DCC1516D70250009275F0 /* InfoPlist.strings in Resources */ = {isa = PBXBuildFile; fileRef = CF9DCC1316D70250009275F0 /* InfoPlist.strings */; };
		CF9DCC1716D70250009275F0 /* main.m in Sources */ = {isa = PBXBuildFile; fileRef = CF9DCC1616D70250009275F0 /* main.m */; };
		CF9DCC1B16D70250009275F0 /* GAAppDelegate.m in Sources */ = {isa = PBXBuildFile; fileRef = CF9DCC1A16D70250009275F0 /* GAAppDelegate.m */; };
		CF9DCC1D16D70250009275F0 /* Default.png in Resources */ = {isa = PBXBuildFile; fileRef = CF9DCC1C16D70250009275F0 /* Default.png */; };
		CF9DCC1F16D70250009275F0 /* Default@2x.png in Resources */ = {isa = PBXBuildFile; fileRef = CF9DCC1E16D70250009275F0 /* Default@2x.png */; };
		CF9DCC2116D70250009275F0 /* Default-568h@2x.png in Resources */ = {isa = PBXBuildFile; fileRef = CF9DCC2016D70250009275F0 /* Default-568h@2x.png */; };
		CF9DCC2416D70250009275F0 /* GameCenterAchievement.xcdatamodeld in Sources */ = {isa = PBXBuildFile; fileRef = CF9DCC2216D70250009275F0 /* GameCenterAchievement.xcdatamodeld */; };
		CF9DCC2E16D70274009275F0 /* Achievement+GameCenter.m in Sources */ = {isa = PBXBuildFile; fileRef = CF9DCC2B16D70274009275F0 /* Achievement+GameCenter.m */; };
		CF9DCC2F16D70274009275F0 /* Achievement.m in Sources */ = {isa = PBXBuildFile; fileRef = CF9DCC2D16D70274009275F0 /* Achievement.m */; };
		CF9DCC3116D702DE009275F0 /* GameKit.framework in Frameworks */ = {isa = PBXBuildFile; fileRef = CF9DCC3016D702DE009275F0 /* GameKit.framework */; };
		CF9DCC6E16D7033F009275F0 /* MagicalImportFunctions.m in Sources */ = {isa = PBXBuildFile; fileRef = CF9DCC3616D7033F009275F0 /* MagicalImportFunctions.m */; };
		CF9DCC6F16D7033F009275F0 /* NSAttributeDescription+MagicalDataImport.m in Sources */ = {isa = PBXBuildFile; fileRef = CF9DCC3816D7033F009275F0 /* NSAttributeDescription+MagicalDataImport.m */; };
		CF9DCC7016D7033F009275F0 /* NSEntityDescription+MagicalDataImport.m in Sources */ = {isa = PBXBuildFile; fileRef = CF9DCC3A16D7033F009275F0 /* NSEntityDescription+MagicalDataImport.m */; };
		CF9DCC7116D7033F009275F0 /* NSNumber+MagicalDataImport.m in Sources */ = {isa = PBXBuildFile; fileRef = CF9DCC3C16D7033F009275F0 /* NSNumber+MagicalDataImport.m */; };
		CF9DCC7216D7033F009275F0 /* NSObject+MagicalDataImport.m in Sources */ = {isa = PBXBuildFile; fileRef = CF9DCC3E16D7033F009275F0 /* NSObject+MagicalDataImport.m */; };
		CF9DCC7316D7033F009275F0 /* NSRelationshipDescription+MagicalDataImport.m in Sources */ = {isa = PBXBuildFile; fileRef = CF9DCC4016D7033F009275F0 /* NSRelationshipDescription+MagicalDataImport.m */; };
		CF9DCC7416D7033F009275F0 /* NSString+MagicalDataImport.m in Sources */ = {isa = PBXBuildFile; fileRef = CF9DCC4216D7033F009275F0 /* NSString+MagicalDataImport.m */; };
		CF9DCC7516D7033F009275F0 /* NSManagedObject+MagicalAggregation.m in Sources */ = {isa = PBXBuildFile; fileRef = CF9DCC4516D7033F009275F0 /* NSManagedObject+MagicalAggregation.m */; };
		CF9DCC7616D7033F009275F0 /* NSManagedObject+MagicalDataImport.m in Sources */ = {isa = PBXBuildFile; fileRef = CF9DCC4716D7033F009275F0 /* NSManagedObject+MagicalDataImport.m */; };
		CF9DCC7716D7033F009275F0 /* NSManagedObject+MagicalFinders.m in Sources */ = {isa = PBXBuildFile; fileRef = CF9DCC4916D7033F009275F0 /* NSManagedObject+MagicalFinders.m */; };
		CF9DCC7816D7033F009275F0 /* NSManagedObject+MagicalRecord.m in Sources */ = {isa = PBXBuildFile; fileRef = CF9DCC4B16D7033F009275F0 /* NSManagedObject+MagicalRecord.m */; };
		CF9DCC7916D7033F009275F0 /* NSManagedObject+MagicalRequests.m in Sources */ = {isa = PBXBuildFile; fileRef = CF9DCC4D16D7033F009275F0 /* NSManagedObject+MagicalRequests.m */; };
		CF9DCC7A16D7033F009275F0 /* NSManagedObjectContext+MagicalObserving.m in Sources */ = {isa = PBXBuildFile; fileRef = CF9DCC5016D7033F009275F0 /* NSManagedObjectContext+MagicalObserving.m */; };
		CF9DCC7B16D7033F009275F0 /* NSManagedObjectContext+MagicalRecord.m in Sources */ = {isa = PBXBuildFile; fileRef = CF9DCC5216D7033F009275F0 /* NSManagedObjectContext+MagicalRecord.m */; };
		CF9DCC7C16D7033F009275F0 /* NSManagedObjectContext+MagicalSaves.m in Sources */ = {isa = PBXBuildFile; fileRef = CF9DCC5416D7033F009275F0 /* NSManagedObjectContext+MagicalSaves.m */; };
		CF9DCC7D16D7033F009275F0 /* NSManagedObjectContext+MagicalThreading.m in Sources */ = {isa = PBXBuildFile; fileRef = CF9DCC5616D7033F009275F0 /* NSManagedObjectContext+MagicalThreading.m */; };
		CF9DCC7E16D7033F009275F0 /* NSManagedObjectModel+MagicalRecord.m in Sources */ = {isa = PBXBuildFile; fileRef = CF9DCC5816D7033F009275F0 /* NSManagedObjectModel+MagicalRecord.m */; };
		CF9DCC7F16D7033F009275F0 /* NSPersistentStore+MagicalRecord.m in Sources */ = {isa = PBXBuildFile; fileRef = CF9DCC5A16D7033F009275F0 /* NSPersistentStore+MagicalRecord.m */; };
		CF9DCC8016D7033F009275F0 /* NSPersistentStoreCoordinator+MagicalRecord.m in Sources */ = {isa = PBXBuildFile; fileRef = CF9DCC5C16D7033F009275F0 /* NSPersistentStoreCoordinator+MagicalRecord.m */; };
		CF9DCC8116D7033F009275F0 /* MagicalRecord+Actions.m in Sources */ = {isa = PBXBuildFile; fileRef = CF9DCC5F16D7033F009275F0 /* MagicalRecord+Actions.m */; };
		CF9DCC8216D7033F009275F0 /* MagicalRecord+ErrorHandling.m in Sources */ = {isa = PBXBuildFile; fileRef = CF9DCC6116D7033F009275F0 /* MagicalRecord+ErrorHandling.m */; };
		CF9DCC8316D7033F009275F0 /* MagicalRecord+iCloud.m in Sources */ = {isa = PBXBuildFile; fileRef = CF9DCC6316D7033F009275F0 /* MagicalRecord+iCloud.m */; };
		CF9DCC8416D7033F009275F0 /* MagicalRecord+Options.m in Sources */ = {isa = PBXBuildFile; fileRef = CF9DCC6516D7033F009275F0 /* MagicalRecord+Options.m */; };
		CF9DCC8516D7033F009275F0 /* MagicalRecord+Setup.m in Sources */ = {isa = PBXBuildFile; fileRef = CF9DCC6716D7033F009275F0 /* MagicalRecord+Setup.m */; };
		CF9DCC8616D7033F009275F0 /* MagicalRecord+ShorthandSupport.m in Sources */ = {isa = PBXBuildFile; fileRef = CF9DCC6916D7033F009275F0 /* MagicalRecord+ShorthandSupport.m */; };
		CF9DCC8716D7033F009275F0 /* MagicalRecord.m in Sources */ = {isa = PBXBuildFile; fileRef = CF9DCC6B16D7033F009275F0 /* MagicalRecord.m */; };
/* End PBXBuildFile section */

/* Begin PBXFileReference section */
		CF9DCC0516D70250009275F0 /* GameCenterAchievement.app */ = {isa = PBXFileReference; explicitFileType = wrapper.application; includeInIndex = 0; path = GameCenterAchievement.app; sourceTree = BUILT_PRODUCTS_DIR; };
		CF9DCC0816D70250009275F0 /* UIKit.framework */ = {isa = PBXFileReference; lastKnownFileType = wrapper.framework; name = UIKit.framework; path = System/Library/Frameworks/UIKit.framework; sourceTree = SDKROOT; };
		CF9DCC0A16D70250009275F0 /* Foundation.framework */ = {isa = PBXFileReference; lastKnownFileType = wrapper.framework; name = Foundation.framework; path = System/Library/Frameworks/Foundation.framework; sourceTree = SDKROOT; };
		CF9DCC0C16D70250009275F0 /* CoreGraphics.framework */ = {isa = PBXFileReference; lastKnownFileType = wrapper.framework; name = CoreGraphics.framework; path = System/Library/Frameworks/CoreGraphics.framework; sourceTree = SDKROOT; };
		CF9DCC0E16D70250009275F0 /* CoreData.framework */ = {isa = PBXFileReference; lastKnownFileType = wrapper.framework; name = CoreData.framework; path = System/Library/Frameworks/CoreData.framework; sourceTree = SDKROOT; };
		CF9DCC1216D70250009275F0 /* GameCenterAchievement-Info.plist */ = {isa = PBXFileReference; lastKnownFileType = text.plist.xml; path = "GameCenterAchievement-Info.plist"; sourceTree = "<group>"; };
		CF9DCC1416D70250009275F0 /* en */ = {isa = PBXFileReference; lastKnownFileType = text.plist.strings; name = en; path = en.lproj/InfoPlist.strings; sourceTree = "<group>"; };
		CF9DCC1616D70250009275F0 /* main.m */ = {isa = PBXFileReference; lastKnownFileType = sourcecode.c.objc; path = main.m; sourceTree = "<group>"; };
		CF9DCC1816D70250009275F0 /* GameCenterAchievement-Prefix.pch */ = {isa = PBXFileReference; lastKnownFileType = sourcecode.c.h; path = "GameCenterAchievement-Prefix.pch"; sourceTree = "<group>"; };
		CF9DCC1916D70250009275F0 /* GAAppDelegate.h */ = {isa = PBXFileReference; lastKnownFileType = sourcecode.c.h; path = GAAppDelegate.h; sourceTree = "<group>"; };
		CF9DCC1A16D70250009275F0 /* GAAppDelegate.m */ = {isa = PBXFileReference; lastKnownFileType = sourcecode.c.objc; path = GAAppDelegate.m; sourceTree = "<group>"; };
		CF9DCC1C16D70250009275F0 /* Default.png */ = {isa = PBXFileReference; lastKnownFileType = image.png; path = Default.png; sourceTree = "<group>"; };
		CF9DCC1E16D70250009275F0 /* Default@2x.png */ = {isa = PBXFileReference; lastKnownFileType = image.png; path = "Default@2x.png"; sourceTree = "<group>"; };
		CF9DCC2016D70250009275F0 /* Default-568h@2x.png */ = {isa = PBXFileReference; lastKnownFileType = image.png; path = "Default-568h@2x.png"; sourceTree = "<group>"; };
		CF9DCC2316D70250009275F0 /* GameCenterAchievement.xcdatamodel */ = {isa = PBXFileReference; lastKnownFileType = wrapper.xcdatamodel; path = GameCenterAchievement.xcdatamodel; sourceTree = "<group>"; };
		CF9DCC2A16D70274009275F0 /* Achievement+GameCenter.h */ = {isa = PBXFileReference; fileEncoding = 4; lastKnownFileType = sourcecode.c.h; path = "Achievement+GameCenter.h"; sourceTree = "<group>"; };
		CF9DCC2B16D70274009275F0 /* Achievement+GameCenter.m */ = {isa = PBXFileReference; fileEncoding = 4; lastKnownFileType = sourcecode.c.objc; path = "Achievement+GameCenter.m"; sourceTree = "<group>"; };
		CF9DCC2C16D70274009275F0 /* Achievement.h */ = {isa = PBXFileReference; fileEncoding = 4; lastKnownFileType = sourcecode.c.h; path = Achievement.h; sourceTree = "<group>"; };
		CF9DCC2D16D70274009275F0 /* Achievement.m */ = {isa = PBXFileReference; fileEncoding = 4; lastKnownFileType = sourcecode.c.objc; path = Achievement.m; sourceTree = "<group>"; };
		CF9DCC3016D702DE009275F0 /* GameKit.framework */ = {isa = PBXFileReference; lastKnownFileType = wrapper.framework; name = GameKit.framework; path = System/Library/Frameworks/GameKit.framework; sourceTree = SDKROOT; };
		CF9DCC3516D7033F009275F0 /* MagicalImportFunctions.h */ = {isa = PBXFileReference; fileEncoding = 4; lastKnownFileType = sourcecode.c.h; path = MagicalImportFunctions.h; sourceTree = "<group>"; };
		CF9DCC3616D7033F009275F0 /* MagicalImportFunctions.m */ = {isa = PBXFileReference; fileEncoding = 4; lastKnownFileType = sourcecode.c.objc; path = MagicalImportFunctions.m; sourceTree = "<group>"; };
		CF9DCC3716D7033F009275F0 /* NSAttributeDescription+MagicalDataImport.h */ = {isa = PBXFileReference; fileEncoding = 4; lastKnownFileType = sourcecode.c.h; path = "NSAttributeDescription+MagicalDataImport.h"; sourceTree = "<group>"; };
		CF9DCC3816D7033F009275F0 /* NSAttributeDescription+MagicalDataImport.m */ = {isa = PBXFileReference; fileEncoding = 4; lastKnownFileType = sourcecode.c.objc; path = "NSAttributeDescription+MagicalDataImport.m"; sourceTree = "<group>"; };
		CF9DCC3916D7033F009275F0 /* NSEntityDescription+MagicalDataImport.h */ = {isa = PBXFileReference; fileEncoding = 4; lastKnownFileType = sourcecode.c.h; path = "NSEntityDescription+MagicalDataImport.h"; sourceTree = "<group>"; };
		CF9DCC3A16D7033F009275F0 /* NSEntityDescription+MagicalDataImport.m */ = {isa = PBXFileReference; fileEncoding = 4; lastKnownFileType = sourcecode.c.objc; path = "NSEntityDescription+MagicalDataImport.m"; sourceTree = "<group>"; };
		CF9DCC3B16D7033F009275F0 /* NSNumber+MagicalDataImport.h */ = {isa = PBXFileReference; fileEncoding = 4; lastKnownFileType = sourcecode.c.h; path = "NSNumber+MagicalDataImport.h"; sourceTree = "<group>"; };
		CF9DCC3C16D7033F009275F0 /* NSNumber+MagicalDataImport.m */ = {isa = PBXFileReference; fileEncoding = 4; lastKnownFileType = sourcecode.c.objc; path = "NSNumber+MagicalDataImport.m"; sourceTree = "<group>"; };
		CF9DCC3D16D7033F009275F0 /* NSObject+MagicalDataImport.h */ = {isa = PBXFileReference; fileEncoding = 4; lastKnownFileType = sourcecode.c.h; path = "NSObject+MagicalDataImport.h"; sourceTree = "<group>"; };
		CF9DCC3E16D7033F009275F0 /* NSObject+MagicalDataImport.m */ = {isa = PBXFileReference; fileEncoding = 4; lastKnownFileType = sourcecode.c.objc; path = "NSObject+MagicalDataImport.m"; sourceTree = "<group>"; };
		CF9DCC3F16D7033F009275F0 /* NSRelationshipDescription+MagicalDataImport.h */ = {isa = PBXFileReference; fileEncoding = 4; lastKnownFileType = sourcecode.c.h; path = "NSRelationshipDescription+MagicalDataImport.h"; sourceTree = "<group>"; };
		CF9DCC4016D7033F009275F0 /* NSRelationshipDescription+MagicalDataImport.m */ = {isa = PBXFileReference; fileEncoding = 4; lastKnownFileType = sourcecode.c.objc; path = "NSRelationshipDescription+MagicalDataImport.m"; sourceTree = "<group>"; };
		CF9DCC4116D7033F009275F0 /* NSString+MagicalDataImport.h */ = {isa = PBXFileReference; fileEncoding = 4; lastKnownFileType = sourcecode.c.h; path = "NSString+MagicalDataImport.h"; sourceTree = "<group>"; };
		CF9DCC4216D7033F009275F0 /* NSString+MagicalDataImport.m */ = {isa = PBXFileReference; fileEncoding = 4; lastKnownFileType = sourcecode.c.objc; path = "NSString+MagicalDataImport.m"; sourceTree = "<group>"; };
		CF9DCC4416D7033F009275F0 /* NSManagedObject+MagicalAggregation.h */ = {isa = PBXFileReference; fileEncoding = 4; lastKnownFileType = sourcecode.c.h; path = "NSManagedObject+MagicalAggregation.h"; sourceTree = "<group>"; };
		CF9DCC4516D7033F009275F0 /* NSManagedObject+MagicalAggregation.m */ = {isa = PBXFileReference; fileEncoding = 4; lastKnownFileType = sourcecode.c.objc; path = "NSManagedObject+MagicalAggregation.m"; sourceTree = "<group>"; };
		CF9DCC4616D7033F009275F0 /* NSManagedObject+MagicalDataImport.h */ = {isa = PBXFileReference; fileEncoding = 4; lastKnownFileType = sourcecode.c.h; path = "NSManagedObject+MagicalDataImport.h"; sourceTree = "<group>"; };
		CF9DCC4716D7033F009275F0 /* NSManagedObject+MagicalDataImport.m */ = {isa = PBXFileReference; fileEncoding = 4; lastKnownFileType = sourcecode.c.objc; path = "NSManagedObject+MagicalDataImport.m"; sourceTree = "<group>"; };
		CF9DCC4816D7033F009275F0 /* NSManagedObject+MagicalFinders.h */ = {isa = PBXFileReference; fileEncoding = 4; lastKnownFileType = sourcecode.c.h; path = "NSManagedObject+MagicalFinders.h"; sourceTree = "<group>"; };
		CF9DCC4916D7033F009275F0 /* NSManagedObject+MagicalFinders.m */ = {isa = PBXFileReference; fileEncoding = 4; lastKnownFileType = sourcecode.c.objc; path = "NSManagedObject+MagicalFinders.m"; sourceTree = "<group>"; };
		CF9DCC4A16D7033F009275F0 /* NSManagedObject+MagicalRecord.h */ = {isa = PBXFileReference; fileEncoding = 4; lastKnownFileType = sourcecode.c.h; path = "NSManagedObject+MagicalRecord.h"; sourceTree = "<group>"; };
		CF9DCC4B16D7033F009275F0 /* NSManagedObject+MagicalRecord.m */ = {isa = PBXFileReference; fileEncoding = 4; lastKnownFileType = sourcecode.c.objc; path = "NSManagedObject+MagicalRecord.m"; sourceTree = "<group>"; };
		CF9DCC4C16D7033F009275F0 /* NSManagedObject+MagicalRequests.h */ = {isa = PBXFileReference; fileEncoding = 4; lastKnownFileType = sourcecode.c.h; path = "NSManagedObject+MagicalRequests.h"; sourceTree = "<group>"; };
		CF9DCC4D16D7033F009275F0 /* NSManagedObject+MagicalRequests.m */ = {isa = PBXFileReference; fileEncoding = 4; lastKnownFileType = sourcecode.c.objc; path = "NSManagedObject+MagicalRequests.m"; sourceTree = "<group>"; };
		CF9DCC4F16D7033F009275F0 /* NSManagedObjectContext+MagicalObserving.h */ = {isa = PBXFileReference; fileEncoding = 4; lastKnownFileType = sourcecode.c.h; path = "NSManagedObjectContext+MagicalObserving.h"; sourceTree = "<group>"; };
		CF9DCC5016D7033F009275F0 /* NSManagedObjectContext+MagicalObserving.m */ = {isa = PBXFileReference; fileEncoding = 4; lastKnownFileType = sourcecode.c.objc; path = "NSManagedObjectContext+MagicalObserving.m"; sourceTree = "<group>"; };
		CF9DCC5116D7033F009275F0 /* NSManagedObjectContext+MagicalRecord.h */ = {isa = PBXFileReference; fileEncoding = 4; lastKnownFileType = sourcecode.c.h; path = "NSManagedObjectContext+MagicalRecord.h"; sourceTree = "<group>"; };
		CF9DCC5216D7033F009275F0 /* NSManagedObjectContext+MagicalRecord.m */ = {isa = PBXFileReference; fileEncoding = 4; lastKnownFileType = sourcecode.c.objc; path = "NSManagedObjectContext+MagicalRecord.m"; sourceTree = "<group>"; };
		CF9DCC5316D7033F009275F0 /* NSManagedObjectContext+MagicalSaves.h */ = {isa = PBXFileReference; fileEncoding = 4; lastKnownFileType = sourcecode.c.h; path = "NSManagedObjectContext+MagicalSaves.h"; sourceTree = "<group>"; };
		CF9DCC5416D7033F009275F0 /* NSManagedObjectContext+MagicalSaves.m */ = {isa = PBXFileReference; fileEncoding = 4; lastKnownFileType = sourcecode.c.objc; path = "NSManagedObjectContext+MagicalSaves.m"; sourceTree = "<group>"; };
		CF9DCC5516D7033F009275F0 /* NSManagedObjectContext+MagicalThreading.h */ = {isa = PBXFileReference; fileEncoding = 4; lastKnownFileType = sourcecode.c.h; path = "NSManagedObjectContext+MagicalThreading.h"; sourceTree = "<group>"; };
		CF9DCC5616D7033F009275F0 /* NSManagedObjectContext+MagicalThreading.m */ = {isa = PBXFileReference; fileEncoding = 4; lastKnownFileType = sourcecode.c.objc; path = "NSManagedObjectContext+MagicalThreading.m"; sourceTree = "<group>"; };
		CF9DCC5716D7033F009275F0 /* NSManagedObjectModel+MagicalRecord.h */ = {isa = PBXFileReference; fileEncoding = 4; lastKnownFileType = sourcecode.c.h; path = "NSManagedObjectModel+MagicalRecord.h"; sourceTree = "<group>"; };
		CF9DCC5816D7033F009275F0 /* NSManagedObjectModel+MagicalRecord.m */ = {isa = PBXFileReference; fileEncoding = 4; lastKnownFileType = sourcecode.c.objc; path = "NSManagedObjectModel+MagicalRecord.m"; sourceTree = "<group>"; };
		CF9DCC5916D7033F009275F0 /* NSPersistentStore+MagicalRecord.h */ = {isa = PBXFileReference; fileEncoding = 4; lastKnownFileType = sourcecode.c.h; path = "NSPersistentStore+MagicalRecord.h"; sourceTree = "<group>"; };
		CF9DCC5A16D7033F009275F0 /* NSPersistentStore+MagicalRecord.m */ = {isa = PBXFileReference; fileEncoding = 4; lastKnownFileType = sourcecode.c.objc; path = "NSPersistentStore+MagicalRecord.m"; sourceTree = "<group>"; };
		CF9DCC5B16D7033F009275F0 /* NSPersistentStoreCoordinator+MagicalRecord.h */ = {isa = PBXFileReference; fileEncoding = 4; lastKnownFileType = sourcecode.c.h; path = "NSPersistentStoreCoordinator+MagicalRecord.h"; sourceTree = "<group>"; };
		CF9DCC5C16D7033F009275F0 /* NSPersistentStoreCoordinator+MagicalRecord.m */ = {isa = PBXFileReference; fileEncoding = 4; lastKnownFileType = sourcecode.c.objc; path = "NSPersistentStoreCoordinator+MagicalRecord.m"; sourceTree = "<group>"; };
		CF9DCC5E16D7033F009275F0 /* MagicalRecord+Actions.h */ = {isa = PBXFileReference; fileEncoding = 4; lastKnownFileType = sourcecode.c.h; path = "MagicalRecord+Actions.h"; sourceTree = "<group>"; };
		CF9DCC5F16D7033F009275F0 /* MagicalRecord+Actions.m */ = {isa = PBXFileReference; fileEncoding = 4; lastKnownFileType = sourcecode.c.objc; path = "MagicalRecord+Actions.m"; sourceTree = "<group>"; };
		CF9DCC6016D7033F009275F0 /* MagicalRecord+ErrorHandling.h */ = {isa = PBXFileReference; fileEncoding = 4; lastKnownFileType = sourcecode.c.h; path = "MagicalRecord+ErrorHandling.h"; sourceTree = "<group>"; };
		CF9DCC6116D7033F009275F0 /* MagicalRecord+ErrorHandling.m */ = {isa = PBXFileReference; fileEncoding = 4; lastKnownFileType = sourcecode.c.objc; path = "MagicalRecord+ErrorHandling.m"; sourceTree = "<group>"; };
		CF9DCC6216D7033F009275F0 /* MagicalRecord+iCloud.h */ = {isa = PBXFileReference; fileEncoding = 4; lastKnownFileType = sourcecode.c.h; path = "MagicalRecord+iCloud.h"; sourceTree = "<group>"; };
		CF9DCC6316D7033F009275F0 /* MagicalRecord+iCloud.m */ = {isa = PBXFileReference; fileEncoding = 4; lastKnownFileType = sourcecode.c.objc; path = "MagicalRecord+iCloud.m"; sourceTree = "<group>"; };
		CF9DCC6416D7033F009275F0 /* MagicalRecord+Options.h */ = {isa = PBXFileReference; fileEncoding = 4; lastKnownFileType = sourcecode.c.h; path = "MagicalRecord+Options.h"; sourceTree = "<group>"; };
		CF9DCC6516D7033F009275F0 /* MagicalRecord+Options.m */ = {isa = PBXFileReference; fileEncoding = 4; lastKnownFileType = sourcecode.c.objc; path = "MagicalRecord+Options.m"; sourceTree = "<group>"; };
		CF9DCC6616D7033F009275F0 /* MagicalRecord+Setup.h */ = {isa = PBXFileReference; fileEncoding = 4; lastKnownFileType = sourcecode.c.h; path = "MagicalRecord+Setup.h"; sourceTree = "<group>"; };
		CF9DCC6716D7033F009275F0 /* MagicalRecord+Setup.m */ = {isa = PBXFileReference; fileEncoding = 4; lastKnownFileType = sourcecode.c.objc; path = "MagicalRecord+Setup.m"; sourceTree = "<group>"; };
		CF9DCC6816D7033F009275F0 /* MagicalRecord+ShorthandSupport.h */ = {isa = PBXFileReference; fileEncoding = 4; lastKnownFileType = sourcecode.c.h; path = "MagicalRecord+ShorthandSupport.h"; sourceTree = "<group>"; };
		CF9DCC6916D7033F009275F0 /* MagicalRecord+ShorthandSupport.m */ = {isa = PBXFileReference; fileEncoding = 4; lastKnownFileType = sourcecode.c.objc; path = "MagicalRecord+ShorthandSupport.m"; sourceTree = "<group>"; };
		CF9DCC6A16D7033F009275F0 /* MagicalRecord.h */ = {isa = PBXFileReference; fileEncoding = 4; lastKnownFileType = sourcecode.c.h; path = MagicalRecord.h; sourceTree = "<group>"; };
		CF9DCC6B16D7033F009275F0 /* MagicalRecord.m */ = {isa = PBXFileReference; fileEncoding = 4; lastKnownFileType = sourcecode.c.objc; path = MagicalRecord.m; sourceTree = "<group>"; };
		CF9DCC6C16D7033F009275F0 /* MagicalRecordShorthand.h */ = {isa = PBXFileReference; fileEncoding = 4; lastKnownFileType = sourcecode.c.h; path = MagicalRecordShorthand.h; sourceTree = "<group>"; };
		CF9DCC6D16D7033F009275F0 /* CoreData+MagicalRecord.h */ = {isa = PBXFileReference; fileEncoding = 4; lastKnownFileType = sourcecode.c.h; path = "CoreData+MagicalRecord.h"; sourceTree = "<group>"; };
/* End PBXFileReference section */

/* Begin PBXFrameworksBuildPhase section */
		CF9DCC0216D70250009275F0 /* Frameworks */ = {
			isa = PBXFrameworksBuildPhase;
			buildActionMask = 2147483647;
			files = (
				CF9DCC3116D702DE009275F0 /* GameKit.framework in Frameworks */,
				CF9DCC0916D70250009275F0 /* UIKit.framework in Frameworks */,
				CF9DCC0B16D70250009275F0 /* Foundation.framework in Frameworks */,
				CF9DCC0D16D70250009275F0 /* CoreGraphics.framework in Frameworks */,
				CF9DCC0F16D70250009275F0 /* CoreData.framework in Frameworks */,
			);
			runOnlyForDeploymentPostprocessing = 0;
		};
/* End PBXFrameworksBuildPhase section */

/* Begin PBXGroup section */
		CF9DCBFC16D70250009275F0 = {
			isa = PBXGroup;
			children = (
				CF9DCC1016D70250009275F0 /* GameCenterAchievement */,
				CF9DCC3216D7033F009275F0 /* MagicalRecord */,
				CF9DCC0716D70250009275F0 /* Frameworks */,
				CF9DCC0616D70250009275F0 /* Products */,
			);
			sourceTree = "<group>";
		};
		CF9DCC0616D70250009275F0 /* Products */ = {
			isa = PBXGroup;
			children = (
				CF9DCC0516D70250009275F0 /* GameCenterAchievement.app */,
			);
			name = Products;
			sourceTree = "<group>";
		};
		CF9DCC0716D70250009275F0 /* Frameworks */ = {
			isa = PBXGroup;
			children = (
				CF9DCC3016D702DE009275F0 /* GameKit.framework */,
				CF9DCC0816D70250009275F0 /* UIKit.framework */,
				CF9DCC0A16D70250009275F0 /* Foundation.framework */,
				CF9DCC0C16D70250009275F0 /* CoreGraphics.framework */,
				CF9DCC0E16D70250009275F0 /* CoreData.framework */,
			);
			name = Frameworks;
			sourceTree = "<group>";
		};
		CF9DCC1016D70250009275F0 /* GameCenterAchievement */ = {
			isa = PBXGroup;
			children = (
				CF9DCC1916D70250009275F0 /* GAAppDelegate.h */,
				CF9DCC1A16D70250009275F0 /* GAAppDelegate.m */,
				CF9DCC2216D70250009275F0 /* GameCenterAchievement.xcdatamodeld */,
				CF9DCC2A16D70274009275F0 /* Achievement+GameCenter.h */,
				CF9DCC2B16D70274009275F0 /* Achievement+GameCenter.m */,
				CF9DCC2C16D70274009275F0 /* Achievement.h */,
				CF9DCC2D16D70274009275F0 /* Achievement.m */,
				CF9DCC1116D70250009275F0 /* Supporting Files */,
			);
			path = GameCenterAchievement;
			sourceTree = "<group>";
		};
		CF9DCC1116D70250009275F0 /* Supporting Files */ = {
			isa = PBXGroup;
			children = (
				CF9DCC1216D70250009275F0 /* GameCenterAchievement-Info.plist */,
				CF9DCC1316D70250009275F0 /* InfoPlist.strings */,
				CF9DCC1616D70250009275F0 /* main.m */,
				CF9DCC1816D70250009275F0 /* GameCenterAchievement-Prefix.pch */,
				CF9DCC1C16D70250009275F0 /* Default.png */,
				CF9DCC1E16D70250009275F0 /* Default@2x.png */,
				CF9DCC2016D70250009275F0 /* Default-568h@2x.png */,
			);
			name = "Supporting Files";
			sourceTree = "<group>";
		};
		CF9DCC3216D7033F009275F0 /* MagicalRecord */ = {
			isa = PBXGroup;
			children = (
				CF9DCC3316D7033F009275F0 /* Categories */,
				CF9DCC5D16D7033F009275F0 /* Core */,
				CF9DCC6D16D7033F009275F0 /* CoreData+MagicalRecord.h */,
			);
			name = MagicalRecord;
			path = MagicalRecord/MagicalRecord;
			sourceTree = "<group>";
		};
		CF9DCC3316D7033F009275F0 /* Categories */ = {
			isa = PBXGroup;
			children = (
				CF9DCC3416D7033F009275F0 /* DataImport */,
				CF9DCC4316D7033F009275F0 /* NSManagedObject */,
				CF9DCC4E16D7033F009275F0 /* NSManagedObjectContext */,
				CF9DCC5716D7033F009275F0 /* NSManagedObjectModel+MagicalRecord.h */,
				CF9DCC5816D7033F009275F0 /* NSManagedObjectModel+MagicalRecord.m */,
				CF9DCC5916D7033F009275F0 /* NSPersistentStore+MagicalRecord.h */,
				CF9DCC5A16D7033F009275F0 /* NSPersistentStore+MagicalRecord.m */,
				CF9DCC5B16D7033F009275F0 /* NSPersistentStoreCoordinator+MagicalRecord.h */,
				CF9DCC5C16D7033F009275F0 /* NSPersistentStoreCoordinator+MagicalRecord.m */,
			);
			path = Categories;
			sourceTree = "<group>";
		};
		CF9DCC3416D7033F009275F0 /* DataImport */ = {
			isa = PBXGroup;
			children = (
				CF9DCC3516D7033F009275F0 /* MagicalImportFunctions.h */,
				CF9DCC3616D7033F009275F0 /* MagicalImportFunctions.m */,
				CF9DCC3716D7033F009275F0 /* NSAttributeDescription+MagicalDataImport.h */,
				CF9DCC3816D7033F009275F0 /* NSAttributeDescription+MagicalDataImport.m */,
				CF9DCC3916D7033F009275F0 /* NSEntityDescription+MagicalDataImport.h */,
				CF9DCC3A16D7033F009275F0 /* NSEntityDescription+MagicalDataImport.m */,
				CF9DCC3B16D7033F009275F0 /* NSNumber+MagicalDataImport.h */,
				CF9DCC3C16D7033F009275F0 /* NSNumber+MagicalDataImport.m */,
				CF9DCC3D16D7033F009275F0 /* NSObject+MagicalDataImport.h */,
				CF9DCC3E16D7033F009275F0 /* NSObject+MagicalDataImport.m */,
				CF9DCC3F16D7033F009275F0 /* NSRelationshipDescription+MagicalDataImport.h */,
				CF9DCC4016D7033F009275F0 /* NSRelationshipDescription+MagicalDataImport.m */,
				CF9DCC4116D7033F009275F0 /* NSString+MagicalDataImport.h */,
				CF9DCC4216D7033F009275F0 /* NSString+MagicalDataImport.m */,
			);
			path = DataImport;
			sourceTree = "<group>";
		};
		CF9DCC4316D7033F009275F0 /* NSManagedObject */ = {
			isa = PBXGroup;
			children = (
				CF9DCC4416D7033F009275F0 /* NSManagedObject+MagicalAggregation.h */,
				CF9DCC4516D7033F009275F0 /* NSManagedObject+MagicalAggregation.m */,
				CF9DCC4616D7033F009275F0 /* NSManagedObject+MagicalDataImport.h */,
				CF9DCC4716D7033F009275F0 /* NSManagedObject+MagicalDataImport.m */,
				CF9DCC4816D7033F009275F0 /* NSManagedObject+MagicalFinders.h */,
				CF9DCC4916D7033F009275F0 /* NSManagedObject+MagicalFinders.m */,
				CF9DCC4A16D7033F009275F0 /* NSManagedObject+MagicalRecord.h */,
				CF9DCC4B16D7033F009275F0 /* NSManagedObject+MagicalRecord.m */,
				CF9DCC4C16D7033F009275F0 /* NSManagedObject+MagicalRequests.h */,
				CF9DCC4D16D7033F009275F0 /* NSManagedObject+MagicalRequests.m */,
			);
			path = NSManagedObject;
			sourceTree = "<group>";
		};
		CF9DCC4E16D7033F009275F0 /* NSManagedObjectContext */ = {
			isa = PBXGroup;
			children = (
				CF9DCC4F16D7033F009275F0 /* NSManagedObjectContext+MagicalObserving.h */,
				CF9DCC5016D7033F009275F0 /* NSManagedObjectContext+MagicalObserving.m */,
				CF9DCC5116D7033F009275F0 /* NSManagedObjectContext+MagicalRecord.h */,
				CF9DCC5216D7033F009275F0 /* NSManagedObjectContext+MagicalRecord.m */,
				CF9DCC5316D7033F009275F0 /* NSManagedObjectContext+MagicalSaves.h */,
				CF9DCC5416D7033F009275F0 /* NSManagedObjectContext+MagicalSaves.m */,
				CF9DCC5516D7033F009275F0 /* NSManagedObjectContext+MagicalThreading.h */,
				CF9DCC5616D7033F009275F0 /* NSManagedObjectContext+MagicalThreading.m */,
			);
			path = NSManagedObjectContext;
			sourceTree = "<group>";
		};
		CF9DCC5D16D7033F009275F0 /* Core */ = {
			isa = PBXGroup;
			children = (
				CF9DCC5E16D7033F009275F0 /* MagicalRecord+Actions.h */,
				CF9DCC5F16D7033F009275F0 /* MagicalRecord+Actions.m */,
				CF9DCC6016D7033F009275F0 /* MagicalRecord+ErrorHandling.h */,
				CF9DCC6116D7033F009275F0 /* MagicalRecord+ErrorHandling.m */,
				CF9DCC6216D7033F009275F0 /* MagicalRecord+iCloud.h */,
				CF9DCC6316D7033F009275F0 /* MagicalRecord+iCloud.m */,
				CF9DCC6416D7033F009275F0 /* MagicalRecord+Options.h */,
				CF9DCC6516D7033F009275F0 /* MagicalRecord+Options.m */,
				CF9DCC6616D7033F009275F0 /* MagicalRecord+Setup.h */,
				CF9DCC6716D7033F009275F0 /* MagicalRecord+Setup.m */,
				CF9DCC6816D7033F009275F0 /* MagicalRecord+ShorthandSupport.h */,
				CF9DCC6916D7033F009275F0 /* MagicalRecord+ShorthandSupport.m */,
				CF9DCC6A16D7033F009275F0 /* MagicalRecord.h */,
				CF9DCC6B16D7033F009275F0 /* MagicalRecord.m */,
				CF9DCC6C16D7033F009275F0 /* MagicalRecordShorthand.h */,
			);
			path = Core;
			sourceTree = "<group>";
		};
/* End PBXGroup section */

/* Begin PBXNativeTarget section */
		CF9DCC0416D70250009275F0 /* GameCenterAchievement */ = {
			isa = PBXNativeTarget;
			buildConfigurationList = CF9DCC2716D70250009275F0 /* Build configuration list for PBXNativeTarget "GameCenterAchievement" */;
			buildPhases = (
				CF9DCC0116D70250009275F0 /* Sources */,
				CF9DCC0216D70250009275F0 /* Frameworks */,
				CF9DCC0316D70250009275F0 /* Resources */,
			);
			buildRules = (
			);
			dependencies = (
			);
			name = GameCenterAchievement;
			productName = GameCenterAchievement;
			productReference = CF9DCC0516D70250009275F0 /* GameCenterAchievement.app */;
			productType = "com.apple.product-type.application";
		};
/* End PBXNativeTarget section */

/* Begin PBXProject section */
		CF9DCBFD16D70250009275F0 /* Project object */ = {
			isa = PBXProject;
			attributes = {
				CLASSPREFIX = GA;
				LastUpgradeCheck = 0460;
				ORGANIZATIONNAME = rexsheng.com;
			};
			buildConfigurationList = CF9DCC0016D70250009275F0 /* Build configuration list for PBXProject "GameCenterAchievement" */;
			compatibilityVersion = "Xcode 3.2";
			developmentRegion = English;
			hasScannedForEncodings = 0;
			knownRegions = (
				en,
			);
			mainGroup = CF9DCBFC16D70250009275F0;
			productRefGroup = CF9DCC0616D70250009275F0 /* Products */;
			projectDirPath = "";
			projectRoot = "";
			targets = (
				CF9DCC0416D70250009275F0 /* GameCenterAchievement */,
			);
		};
/* End PBXProject section */

/* Begin PBXResourcesBuildPhase section */
		CF9DCC0316D70250009275F0 /* Resources */ = {
			isa = PBXResourcesBuildPhase;
			buildActionMask = 2147483647;
			files = (
				CF9DCC1516D70250009275F0 /* InfoPlist.strings in Resources */,
				CF9DCC1D16D70250009275F0 /* Default.png in Resources */,
				CF9DCC1F16D70250009275F0 /* Default@2x.png in Resources */,
				CF9DCC2116D70250009275F0 /* Default-568h@2x.png in Resources */,
			);
			runOnlyForDeploymentPostprocessing = 0;
		};
/* End PBXResourcesBuildPhase section */

/* Begin PBXSourcesBuildPhase section */
		CF9DCC0116D70250009275F0 /* Sources */ = {
			isa = PBXSourcesBuildPhase;
			buildActionMask = 2147483647;
			files = (
				CF9DCC1716D70250009275F0 /* main.m in Sources */,
				CF9DCC1B16D70250009275F0 /* GAAppDelegate.m in Sources */,
				CF9DCC2416D70250009275F0 /* GameCenterAchievement.xcdatamodeld in Sources */,
				CF9DCC2E16D70274009275F0 /* Achievement+GameCenter.m in Sources */,
				CF9DCC2F16D70274009275F0 /* Achievement.m in Sources */,
				CF9DCC6E16D7033F009275F0 /* MagicalImportFunctions.m in Sources */,
				CF9DCC6F16D7033F009275F0 /* NSAttributeDescription+MagicalDataImport.m in Sources */,
				CF9DCC7016D7033F009275F0 /* NSEntityDescription+MagicalDataImport.m in Sources */,
				CF9DCC7116D7033F009275F0 /* NSNumber+MagicalDataImport.m in Sources */,
				CF9DCC7216D7033F009275F0 /* NSObject+MagicalDataImport.m in Sources */,
				CF9DCC7316D7033F009275F0 /* NSRelationshipDescription+MagicalDataImport.m in Sources */,
				CF9DCC7416D7033F009275F0 /* NSString+MagicalDataImport.m in Sources */,
				CF9DCC7516D7033F009275F0 /* NSManagedObject+MagicalAggregation.m in Sources */,
				CF9DCC7616D7033F009275F0 /* NSManagedObject+MagicalDataImport.m in Sources */,
				CF9DCC7716D7033F009275F0 /* NSManagedObject+MagicalFinders.m in Sources */,
				CF9DCC7816D7033F009275F0 /* NSManagedObject+MagicalRecord.m in Sources */,
				CF9DCC7916D7033F009275F0 /* NSManagedObject+MagicalRequests.m in Sources */,
				CF9DCC7A16D7033F009275F0 /* NSManagedObjectContext+MagicalObserving.m in Sources */,
				CF9DCC7B16D7033F009275F0 /* NSManagedObjectContext+MagicalRecord.m in Sources */,
				CF9DCC7C16D7033F009275F0 /* NSManagedObjectContext+MagicalSaves.m in Sources */,
				CF9DCC7D16D7033F009275F0 /* NSManagedObjectContext+MagicalThreading.m in Sources */,
				CF9DCC7E16D7033F009275F0 /* NSManagedObjectModel+MagicalRecord.m in Sources */,
				CF9DCC7F16D7033F009275F0 /* NSPersistentStore+MagicalRecord.m in Sources */,
				CF9DCC8016D7033F009275F0 /* NSPersistentStoreCoordinator+MagicalRecord.m in Sources */,
				CF9DCC8116D7033F009275F0 /* MagicalRecord+Actions.m in Sources */,
				CF9DCC8216D7033F009275F0 /* MagicalRecord+ErrorHandling.m in Sources */,
				CF9DCC8316D7033F009275F0 /* MagicalRecord+iCloud.m in Sources */,
				CF9DCC8416D7033F009275F0 /* MagicalRecord+Options.m in Sources */,
				CF9DCC8516D7033F009275F0 /* MagicalRecord+Setup.m in Sources */,
				CF9DCC8616D7033F009275F0 /* MagicalRecord+ShorthandSupport.m in Sources */,
				CF9DCC8716D7033F009275F0 /* MagicalRecord.m in Sources */,
			);
			runOnlyForDeploymentPostprocessing = 0;
		};
/* End PBXSourcesBuildPhase section */

/* Begin PBXVariantGroup section */
		CF9DCC1316D70250009275F0 /* InfoPlist.strings */ = {
			isa = PBXVariantGroup;
			children = (
				CF9DCC1416D70250009275F0 /* en */,
			);
			name = InfoPlist.strings;
			sourceTree = "<group>";
		};
/* End PBXVariantGroup section */

/* Begin XCBuildConfiguration section */
		CF9DCC2516D70250009275F0 /* Debug */ = {
			isa = XCBuildConfiguration;
			buildSettings = {
				ALWAYS_SEARCH_USER_PATHS = NO;
				CLANG_CXX_LANGUAGE_STANDARD = "gnu++0x";
				CLANG_CXX_LIBRARY = "libc++";
				CLANG_ENABLE_OBJC_ARC = YES;
				CLANG_WARN_CONSTANT_CONVERSION = YES;
				CLANG_WARN_EMPTY_BODY = YES;
				CLANG_WARN_ENUM_CONVERSION = YES;
				CLANG_WARN_INT_CONVERSION = YES;
				CLANG_WARN__DUPLICATE_METHOD_MATCH = YES;
				"CODE_SIGN_IDENTITY[sdk=iphoneos*]" = "iPhone Developer";
				COPY_PHASE_STRIP = NO;
				GCC_C_LANGUAGE_STANDARD = gnu99;
				GCC_DYNAMIC_NO_PIC = NO;
				GCC_OPTIMIZATION_LEVEL = 0;
				GCC_PREPROCESSOR_DEFINITIONS = (
					"DEBUG=1",
					"$(inherited)",
				);
				GCC_SYMBOLS_PRIVATE_EXTERN = NO;
				GCC_WARN_ABOUT_RETURN_TYPE = YES;
				GCC_WARN_UNINITIALIZED_AUTOS = YES;
				GCC_WARN_UNUSED_VARIABLE = YES;
				IPHONEOS_DEPLOYMENT_TARGET = 6.1;
				ONLY_ACTIVE_ARCH = YES;
				SDKROOT = iphoneos;
				TARGETED_DEVICE_FAMILY = "1,2";
			};
			name = Debug;
		};
		CF9DCC2616D70250009275F0 /* Release */ = {
			isa = XCBuildConfiguration;
			buildSettings = {
				ALWAYS_SEARCH_USER_PATHS = NO;
				CLANG_CXX_LANGUAGE_STANDARD = "gnu++0x";
				CLANG_CXX_LIBRARY = "libc++";
				CLANG_ENABLE_OBJC_ARC = YES;
				CLANG_WARN_CONSTANT_CONVERSION = YES;
				CLANG_WARN_EMPTY_BODY = YES;
				CLANG_WARN_ENUM_CONVERSION = YES;
				CLANG_WARN_INT_CONVERSION = YES;
				CLANG_WARN__DUPLICATE_METHOD_MATCH = YES;
				"CODE_SIGN_IDENTITY[sdk=iphoneos*]" = "iPhone Developer";
				COPY_PHASE_STRIP = YES;
				GCC_C_LANGUAGE_STANDARD = gnu99;
				GCC_WARN_ABOUT_RETURN_TYPE = YES;
				GCC_WARN_UNINITIALIZED_AUTOS = YES;
				GCC_WARN_UNUSED_VARIABLE = YES;
				IPHONEOS_DEPLOYMENT_TARGET = 6.1;
				OTHER_CFLAGS = "-DNS_BLOCK_ASSERTIONS=1";
				SDKROOT = iphoneos;
				TARGETED_DEVICE_FAMILY = "1,2";
				VALIDATE_PRODUCT = YES;
			};
			name = Release;
		};
		CF9DCC2816D70250009275F0 /* Debug */ = {
			isa = XCBuildConfiguration;
			buildSettings = {
				GCC_PRECOMPILE_PREFIX_HEADER = YES;
				GCC_PREFIX_HEADER = "GameCenterAchievement/GameCenterAchievement-Prefix.pch";
				INFOPLIST_FILE = "GameCenterAchievement/GameCenterAchievement-Info.plist";
				PRODUCT_NAME = "$(TARGET_NAME)";
				WRAPPER_EXTENSION = app;
			};
			name = Debug;
		};
		CF9DCC2916D70250009275F0 /* Release */ = {
			isa = XCBuildConfiguration;
			buildSettings = {
				GCC_PRECOMPILE_PREFIX_HEADER = YES;
				GCC_PREFIX_HEADER = "GameCenterAchievement/GameCenterAchievement-Prefix.pch";
				INFOPLIST_FILE = "GameCenterAchievement/GameCenterAchievement-Info.plist";
				PRODUCT_NAME = "$(TARGET_NAME)";
				WRAPPER_EXTENSION = app;
			};
			name = Release;
		};
/* End XCBuildConfiguration section */

/* Begin XCConfigurationList section */
		CF9DCC0016D70250009275F0 /* Build configuration list for PBXProject "GameCenterAchievement" */ = {
			isa = XCConfigurationList;
			buildConfigurations = (
				CF9DCC2516D70250009275F0 /* Debug */,
				CF9DCC2616D70250009275F0 /* Release */,
			);
			defaultConfigurationIsVisible = 0;
			defaultConfigurationName = Release;
		};
		CF9DCC2716D70250009275F0 /* Build configuration list for PBXNativeTarget "GameCenterAchievement" */ = {
			isa = XCConfigurationList;
			buildConfigurations = (
				CF9DCC2816D70250009275F0 /* Debug */,
				CF9DCC2916D70250009275F0 /* Release */,
			);
			defaultConfigurationIsVisible = 0;
		};
/* End XCConfigurationList section */

/* Begin XCVersionGroup section */
		CF9DCC2216D70250009275F0 /* GameCenterAchievement.xcdatamodeld */ = {
			isa = XCVersionGroup;
			children = (
				CF9DCC2316D70250009275F0 /* GameCenterAchievement.xcdatamodel */,
			);
			currentVersion = CF9DCC2316D70250009275F0 /* GameCenterAchievement.xcdatamodel */;
			path = GameCenterAchievement.xcdatamodeld;
			sourceTree = "<group>";
			versionGroupType = wrapper.xcdatamodel;
		};
/* End XCVersionGroup section */
	};
	rootObject = CF9DCBFD16D70250009275F0 /* Project object */;
}
